// !$*UTF8*$!
{
	archiveVersion = 1;
	classes = {
	};
	objectVersion = 51;
	objects = {

/* Begin PBXBuildFile section */
		33050201B8F5665DFF4C3B2C /* Pods_RxSwift_Binding.framework in Frameworks */ = {isa = PBXBuildFile; fileRef = 06F321AE83B31E2F4D57FA2A /* Pods_RxSwift_Binding.framework */; };
		DFE7C1A1256C9B9D00BC91CF /* AppDelegate.swift in Sources */ = {isa = PBXBuildFile; fileRef = DFE7C1A0256C9B9D00BC91CF /* AppDelegate.swift */; };
		DFE7C1A3256C9B9D00BC91CF /* SceneDelegate.swift in Sources */ = {isa = PBXBuildFile; fileRef = DFE7C1A2256C9B9D00BC91CF /* SceneDelegate.swift */; };
		DFE7C1A5256C9B9E00BC91CF /* ViewController.swift in Sources */ = {isa = PBXBuildFile; fileRef = DFE7C1A4256C9B9E00BC91CF /* ViewController.swift */; };
		DFE7C1A8256C9B9E00BC91CF /* Main.storyboard in Resources */ = {isa = PBXBuildFile; fileRef = DFE7C1A6256C9B9E00BC91CF /* Main.storyboard */; };
		DFE7C1AA256C9B9E00BC91CF /* Assets.xcassets in Resources */ = {isa = PBXBuildFile; fileRef = DFE7C1A9256C9B9E00BC91CF /* Assets.xcassets */; };
		DFE7C1AD256C9B9E00BC91CF /* LaunchScreen.storyboard in Resources */ = {isa = PBXBuildFile; fileRef = DFE7C1AB256C9B9E00BC91CF /* LaunchScreen.storyboard */; };
/* End PBXBuildFile section */

/* Begin PBXFileReference section */
		06F321AE83B31E2F4D57FA2A /* Pods_RxSwift_Binding.framework */ = {isa = PBXFileReference; explicitFileType = wrapper.framework; includeInIndex = 0; path = Pods_RxSwift_Binding.framework; sourceTree = BUILT_PRODUCTS_DIR; };
		3FBD459D03209B37508BDA0E /* Pods-RxSwift+Binding.release.xcconfig */ = {isa = PBXFileReference; includeInIndex = 1; lastKnownFileType = text.xcconfig; name = "Pods-RxSwift+Binding.release.xcconfig"; path = "Target Support Files/Pods-RxSwift+Binding/Pods-RxSwift+Binding.release.xcconfig"; sourceTree = "<group>"; };
		DFE7C19D256C9B9D00BC91CF /* RxSwift+Binding.app */ = {isa = PBXFileReference; explicitFileType = wrapper.application; includeInIndex = 0; path = "RxSwift+Binding.app"; sourceTree = BUILT_PRODUCTS_DIR; };
		DFE7C1A0256C9B9D00BC91CF /* AppDelegate.swift */ = {isa = PBXFileReference; lastKnownFileType = sourcecode.swift; path = AppDelegate.swift; sourceTree = "<group>"; };
		DFE7C1A2256C9B9D00BC91CF /* SceneDelegate.swift */ = {isa = PBXFileReference; lastKnownFileType = sourcecode.swift; path = SceneDelegate.swift; sourceTree = "<group>"; };
		DFE7C1A4256C9B9E00BC91CF /* ViewController.swift */ = {isa = PBXFileReference; lastKnownFileType = sourcecode.swift; path = ViewController.swift; sourceTree = "<group>"; };
		DFE7C1A7256C9B9E00BC91CF /* Base */ = {isa = PBXFileReference; lastKnownFileType = file.storyboard; name = Base; path = Base.lproj/Main.storyboard; sourceTree = "<group>"; };
		DFE7C1A9256C9B9E00BC91CF /* Assets.xcassets */ = {isa = PBXFileReference; lastKnownFileType = folder.assetcatalog; path = Assets.xcassets; sourceTree = "<group>"; };
		DFE7C1AC256C9B9E00BC91CF /* Base */ = {isa = PBXFileReference; lastKnownFileType = file.storyboard; name = Base; path = Base.lproj/LaunchScreen.storyboard; sourceTree = "<group>"; };
		DFE7C1AE256C9B9E00BC91CF /* Info.plist */ = {isa = PBXFileReference; lastKnownFileType = text.plist.xml; path = Info.plist; sourceTree = "<group>"; };
		E8AB76A1647176539F6C8639 /* Pods-RxSwift+Binding.debug.xcconfig */ = {isa = PBXFileReference; includeInIndex = 1; lastKnownFileType = text.xcconfig; name = "Pods-RxSwift+Binding.debug.xcconfig"; path = "Target Support Files/Pods-RxSwift+Binding/Pods-RxSwift+Binding.debug.xcconfig"; sourceTree = "<group>"; };
/* End PBXFileReference section */

/* Begin PBXFrameworksBuildPhase section */
		DFE7C19A256C9B9D00BC91CF /* Frameworks */ = {
			isa = PBXFrameworksBuildPhase;
			buildActionMask = 2147483647;
			files = (
				33050201B8F5665DFF4C3B2C /* Pods_RxSwift_Binding.framework in Frameworks */,
			);
			runOnlyForDeploymentPostprocessing = 0;
		};
/* End PBXFrameworksBuildPhase section */

/* Begin PBXGroup section */
		D9B159B4EB9D511527C10690 /* Pods */ = {
			isa = PBXGroup;
			children = (
				E8AB76A1647176539F6C8639 /* Pods-RxSwift+Binding.debug.xcconfig */,
				3FBD459D03209B37508BDA0E /* Pods-RxSwift+Binding.release.xcconfig */,
			);
			path = Pods;
			sourceTree = "<group>";
		};
		DFE7C194256C9B9D00BC91CF = {
			isa = PBXGroup;
			children = (
				DFE7C19F256C9B9D00BC91CF /* RxSwift+Binding */,
				DFE7C19E256C9B9D00BC91CF /* Products */,
				D9B159B4EB9D511527C10690 /* Pods */,
				E028D198395337699461A900 /* Frameworks */,
			);
			sourceTree = "<group>";
		};
		DFE7C19E256C9B9D00BC91CF /* Products */ = {
			isa = PBXGroup;
			children = (
				DFE7C19D256C9B9D00BC91CF /* RxSwift+Binding.app */,
			);
			name = Products;
			sourceTree = "<group>";
		};
		DFE7C19F256C9B9D00BC91CF /* RxSwift+Binding */ = {
			isa = PBXGroup;
			children = (
				DFE7C1A0256C9B9D00BC91CF /* AppDelegate.swift */,
				DFE7C1A2256C9B9D00BC91CF /* SceneDelegate.swift */,
				DFE7C1A4256C9B9E00BC91CF /* ViewController.swift */,
				DFE7C1A6256C9B9E00BC91CF /* Main.storyboard */,
				DFE7C1A9256C9B9E00BC91CF /* Assets.xcassets */,
				DFE7C1AB256C9B9E00BC91CF /* LaunchScreen.storyboard */,
				DFE7C1AE256C9B9E00BC91CF /* Info.plist */,
			);
			path = "RxSwift+Binding";
			sourceTree = "<group>";
		};
		E028D198395337699461A900 /* Frameworks */ = {
			isa = PBXGroup;
			children = (
				06F321AE83B31E2F4D57FA2A /* Pods_RxSwift_Binding.framework */,
			);
			name = Frameworks;
			sourceTree = "<group>";
		};
/* End PBXGroup section */

/* Begin PBXNativeTarget section */
		DFE7C19C256C9B9D00BC91CF /* RxSwift+Binding */ = {
			isa = PBXNativeTarget;
			buildConfigurationList = DFE7C1B1256C9B9E00BC91CF /* Build configuration list for PBXNativeTarget "RxSwift+Binding" */;
			buildPhases = (
				78DB1F71BDCC5C5D4CD3333D /* [CP] Check Pods Manifest.lock */,
				DFE7C199256C9B9D00BC91CF /* Sources */,
				DFE7C19A256C9B9D00BC91CF /* Frameworks */,
				DFE7C19B256C9B9D00BC91CF /* Resources */,
				E5EF5930BE9E8AD8224D06E8 /* [CP] Embed Pods Frameworks */,
			);
			buildRules = (
			);
			dependencies = (
			);
			name = "RxSwift+Binding";
			productName = "RxSwift+Binding";
			productReference = DFE7C19D256C9B9D00BC91CF /* RxSwift+Binding.app */;
			productType = "com.apple.product-type.application";
		};
/* End PBXNativeTarget section */

/* Begin PBXProject section */
		DFE7C195256C9B9D00BC91CF /* Project object */ = {
			isa = PBXProject;
			attributes = {
				LastSwiftUpdateCheck = 1200;
				LastUpgradeCheck = 1200;
				TargetAttributes = {
					DFE7C19C256C9B9D00BC91CF = {
						CreatedOnToolsVersion = 12.0;
					};
				};
			};
			buildConfigurationList = DFE7C198256C9B9D00BC91CF /* Build configuration list for PBXProject "RxSwift+Binding" */;
			compatibilityVersion = "Xcode 9.3";
			developmentRegion = en;
			hasScannedForEncodings = 0;
			knownRegions = (
				en,
				Base,
			);
			mainGroup = DFE7C194256C9B9D00BC91CF;
			productRefGroup = DFE7C19E256C9B9D00BC91CF /* Products */;
			projectDirPath = "";
			projectRoot = "";
			targets = (
				DFE7C19C256C9B9D00BC91CF /* RxSwift+Binding */,
			);
		};
/* End PBXProject section */

/* Begin PBXResourcesBuildPhase section */
		DFE7C19B256C9B9D00BC91CF /* Resources */ = {
			isa = PBXResourcesBuildPhase;
			buildActionMask = 2147483647;
			files = (
				DFE7C1AD256C9B9E00BC91CF /* LaunchScreen.storyboard in Resources */,
				DFE7C1AA256C9B9E00BC91CF /* Assets.xcassets in Resources */,
				DFE7C1A8256C9B9E00BC91CF /* Main.storyboard in Resources */,
			);
			runOnlyForDeploymentPostprocessing = 0;
		};
/* End PBXResourcesBuildPhase section */

/* Begin PBXShellScriptBuildPhase section */
		78DB1F71BDCC5C5D4CD3333D /* [CP] Check Pods Manifest.lock */ = {
			isa = PBXShellScriptBuildPhase;
			buildActionMask = 2147483647;
			files = (
			);
			inputFileListPaths = (
			);
			inputPaths = (
				"${PODS_PODFILE_DIR_PATH}/Podfile.lock",
				"${PODS_ROOT}/Manifest.lock",
			);
			name = "[CP] Check Pods Manifest.lock";
			outputFileListPaths = (
			);
			outputPaths = (
				"$(DERIVED_FILE_DIR)/Pods-RxSwift+Binding-checkManifestLockResult.txt",
			);
			runOnlyForDeploymentPostprocessing = 0;
			shellPath = /bin/sh;
			shellScript = "diff \"${PODS_PODFILE_DIR_PATH}/Podfile.lock\" \"${PODS_ROOT}/Manifest.lock\" > /dev/null\nif [ $? != 0 ] ; then\n    # print error to STDERR\n    echo \"error: The sandbox is not in sync with the Podfile.lock. Run 'pod install' or update your CocoaPods installation.\" >&2\n    exit 1\nfi\n# This output is used by Xcode 'outputs' to avoid re-running this script phase.\necho \"SUCCESS\" > \"${SCRIPT_OUTPUT_FILE_0}\"\n";
			showEnvVarsInLog = 0;
		};
		E5EF5930BE9E8AD8224D06E8 /* [CP] Embed Pods Frameworks */ = {
			isa = PBXShellScriptBuildPhase;
			buildActionMask = 2147483647;
			files = (
			);
			inputFileListPaths = (
				"${PODS_ROOT}/Target Support Files/Pods-RxSwift+Binding/Pods-RxSwift+Binding-frameworks-${CONFIGURATION}-input-files.xcfilelist",
			);
			name = "[CP] Embed Pods Frameworks";
			outputFileListPaths = (
				"${PODS_ROOT}/Target Support Files/Pods-RxSwift+Binding/Pods-RxSwift+Binding-frameworks-${CONFIGURATION}-output-files.xcfilelist",
			);
			runOnlyForDeploymentPostprocessing = 0;
			shellPath = /bin/sh;
			shellScript = "\"${PODS_ROOT}/Target Support Files/Pods-RxSwift+Binding/Pods-RxSwift+Binding-frameworks.sh\"\n";
			showEnvVarsInLog = 0;
		};
/* End PBXShellScriptBuildPhase section */

/* Begin PBXSourcesBuildPhase section */
		DFE7C199256C9B9D00BC91CF /* Sources */ = {
			isa = PBXSourcesBuildPhase;
			buildActionMask = 2147483647;
			files = (
				DFE7C1A5256C9B9E00BC91CF /* ViewController.swift in Sources */,
				DFE7C1A1256C9B9D00BC91CF /* AppDelegate.swift in Sources */,
				DFE7C1A3256C9B9D00BC91CF /* SceneDelegate.swift in Sources */,
			);
			runOnlyForDeploymentPostprocessing = 0;
		};
/* End PBXSourcesBuildPhase section */

/* Begin PBXVariantGroup section */
		DFE7C1A6256C9B9E00BC91CF /* Main.storyboard */ = {
			isa = PBXVariantGroup;
			children = (
				DFE7C1A7256C9B9E00BC91CF /* Base */,
			);
			name = Main.storyboard;
			sourceTree = "<group>";
		};
		DFE7C1AB256C9B9E00BC91CF /* LaunchScreen.storyboard */ = {
			isa = PBXVariantGroup;
			children = (
				DFE7C1AC256C9B9E00BC91CF /* Base */,
			);
			name = LaunchScreen.storyboard;
			sourceTree = "<group>";
		};
/* End PBXVariantGroup section */

/* Begin XCBuildConfiguration section */
		DFE7C1AF256C9B9E00BC91CF /* Debug */ = {
			isa = XCBuildConfiguration;
			buildSettings = {
				ALWAYS_SEARCH_USER_PATHS = NO;
				CLANG_ANALYZER_NONNULL = YES;
				CLANG_ANALYZER_NUMBER_OBJECT_CONVERSION = YES_AGGRESSIVE;
				CLANG_CXX_LANGUAGE_STANDARD = "gnu++14";
				CLANG_CXX_LIBRARY = "libc++";
				CLANG_ENABLE_MODULES = YES;
				CLANG_ENABLE_OBJC_ARC = YES;
				CLANG_ENABLE_OBJC_WEAK = YES;
				CLANG_WARN_BLOCK_CAPTURE_AUTORELEASING = YES;
				CLANG_WARN_BOOL_CONVERSION = YES;
				CLANG_WARN_COMMA = YES;
				CLANG_WARN_CONSTANT_CONVERSION = YES;
				CLANG_WARN_DEPRECATED_OBJC_IMPLEMENTATIONS = YES;
				CLANG_WARN_DIRECT_OBJC_ISA_USAGE = YES_ERROR;
				CLANG_WARN_DOCUMENTATION_COMMENTS = YES;
				CLANG_WARN_EMPTY_BODY = YES;
				CLANG_WARN_ENUM_CONVERSION = YES;
				CLANG_WARN_INFINITE_RECURSION = YES;
				CLANG_WARN_INT_CONVERSION = YES;
				CLANG_WARN_NON_LITERAL_NULL_CONVERSION = YES;
				CLANG_WARN_OBJC_IMPLICIT_RETAIN_SELF = YES;
				CLANG_WARN_OBJC_LITERAL_CONVERSION = YES;
				CLANG_WARN_OBJC_ROOT_CLASS = YES_ERROR;
				CLANG_WARN_QUOTED_INCLUDE_IN_FRAMEWORK_HEADER = YES;
				CLANG_WARN_RANGE_LOOP_ANALYSIS = YES;
				CLANG_WARN_STRICT_PROTOTYPES = YES;
				CLANG_WARN_SUSPICIOUS_MOVE = YES;
				CLANG_WARN_UNGUARDED_AVAILABILITY = YES_AGGRESSIVE;
				CLANG_WARN_UNREACHABLE_CODE = YES;
				CLANG_WARN__DUPLICATE_METHOD_MATCH = YES;
				COPY_PHASE_STRIP = NO;
				DEBUG_INFORMATION_FORMAT = dwarf;
				ENABLE_STRICT_OBJC_MSGSEND = YES;
				ENABLE_TESTABILITY = YES;
				GCC_C_LANGUAGE_STANDARD = gnu11;
				GCC_DYNAMIC_NO_PIC = NO;
				GCC_NO_COMMON_BLOCKS = YES;
				GCC_OPTIMIZATION_LEVEL = 0;
				GCC_PREPROCESSOR_DEFINITIONS = (
					"DEBUG=1",
					"$(inherited)",
				);
				GCC_WARN_64_TO_32_BIT_CONVERSION = YES;
				GCC_WARN_ABOUT_RETURN_TYPE = YES_ERROR;
				GCC_WARN_UNDECLARED_SELECTOR = YES;
				GCC_WARN_UNINITIALIZED_AUTOS = YES_AGGRESSIVE;
				GCC_WARN_UNUSED_FUNCTION = YES;
				GCC_WARN_UNUSED_VARIABLE = YES;
				IPHONEOS_DEPLOYMENT_TARGET = 14.0;
				MTL_ENABLE_DEBUG_INFO = INCLUDE_SOURCE;
				MTL_FAST_MATH = YES;
				ONLY_ACTIVE_ARCH = YES;
				SDKROOT = iphoneos;
				SWIFT_ACTIVE_COMPILATION_CONDITIONS = DEBUG;
				SWIFT_OPTIMIZATION_LEVEL = "-Onone";
			};
			name = Debug;
		};
		DFE7C1B0256C9B9E00BC91CF /* Release */ = {
			isa = XCBuildConfiguration;
			buildSettings = {
				ALWAYS_SEARCH_USER_PATHS = NO;
				CLANG_ANALYZER_NONNULL = YES;
				CLANG_ANALYZER_NUMBER_OBJECT_CONVERSION = YES_AGGRESSIVE;
				CLANG_CXX_LANGUAGE_STANDARD = "gnu++14";
				CLANG_CXX_LIBRARY = "libc++";
				CLANG_ENABLE_MODULES = YES;
				CLANG_ENABLE_OBJC_ARC = YES;
				CLANG_ENABLE_OBJC_WEAK = YES;
				CLANG_WARN_BLOCK_CAPTURE_AUTORELEASING = YES;
				CLANG_WARN_BOOL_CONVERSION = YES;
				CLANG_WARN_COMMA = YES;
				CLANG_WARN_CONSTANT_CONVERSION = YES;
				CLANG_WARN_DEPRECATED_OBJC_IMPLEMENTATIONS = YES;
				CLANG_WARN_DIRECT_OBJC_ISA_USAGE = YES_ERROR;
				CLANG_WARN_DOCUMENTATION_COMMENTS = YES;
				CLANG_WARN_EMPTY_BODY = YES;
				CLANG_WARN_ENUM_CONVERSION = YES;
				CLANG_WARN_INFINITE_RECURSION = YES;
				CLANG_WARN_INT_CONVERSION = YES;
				CLANG_WARN_NON_LITERAL_NULL_CONVERSION = YES;
				CLANG_WARN_OBJC_IMPLICIT_RETAIN_SELF = YES;
				CLANG_WARN_OBJC_LITERAL_CONVERSION = YES;
				CLANG_WARN_OBJC_ROOT_CLASS = YES_ERROR;
				CLANG_WARN_QUOTED_INCLUDE_IN_FRAMEWORK_HEADER = YES;
				CLANG_WARN_RANGE_LOOP_ANALYSIS = YES;
				CLANG_WARN_STRICT_PROTOTYPES = YES;
				CLANG_WARN_SUSPICIOUS_MOVE = YES;
				CLANG_WARN_UNGUARDED_AVAILABILITY = YES_AGGRESSIVE;
				CLANG_WARN_UNREACHABLE_CODE = YES;
				CLANG_WARN__DUPLICATE_METHOD_MATCH = YES;
				COPY_PHASE_STRIP = NO;
				DEBUG_INFORMATION_FORMAT = "dwarf-with-dsym";
				ENABLE_NS_ASSERTIONS = NO;
				ENABLE_STRICT_OBJC_MSGSEND = YES;
				GCC_C_LANGUAGE_STANDARD = gnu11;
				GCC_NO_COMMON_BLOCKS = YES;
				GCC_WARN_64_TO_32_BIT_CONVERSION = YES;
				GCC_WARN_ABOUT_RETURN_TYPE = YES_ERROR;
				GCC_WARN_UNDECLARED_SELECTOR = YES;
				GCC_WARN_UNINITIALIZED_AUTOS = YES_AGGRESSIVE;
				GCC_WARN_UNUSED_FUNCTION = YES;
				GCC_WARN_UNUSED_VARIABLE = YES;
				IPHONEOS_DEPLOYMENT_TARGET = 14.0;
				MTL_ENABLE_DEBUG_INFO = NO;
				MTL_FAST_MATH = YES;
				SDKROOT = iphoneos;
				SWIFT_COMPILATION_MODE = wholemodule;
				SWIFT_OPTIMIZATION_LEVEL = "-O";
				VALIDATE_PRODUCT = YES;
			};
			name = Release;
		};
		DFE7C1B2256C9B9E00BC91CF /* Debug */ = {
			isa = XCBuildConfiguration;
			baseConfigurationReference = E8AB76A1647176539F6C8639 /* Pods-RxSwift+Binding.debug.xcconfig */;
			buildSettings = {
				ASSETCATALOG_COMPILER_APPICON_NAME = AppIcon;
				ASSETCATALOG_COMPILER_GLOBAL_ACCENT_COLOR_NAME = AccentColor;
				CODE_SIGN_STYLE = Automatic;
				DEVELOPMENT_TEAM = VH29LQ6AQ4;
				INFOPLIST_FILE = "RxSwift+Binding/Info.plist";
				LD_RUNPATH_SEARCH_PATHS = (
					"$(inherited)",
					"@executable_path/Frameworks",
				);
				PRODUCT_BUNDLE_IDENTIFIER = "kimduni.RxSwift-Binding";
				PRODUCT_NAME = "$(TARGET_NAME)";
				SWIFT_VERSION = 5.0;
				TARGETED_DEVICE_FAMILY = "1,2";
			};
			name = Debug;
		};
		DFE7C1B3256C9B9E00BC91CF /* Release */ = {
			isa = XCBuildConfiguration;
			baseConfigurationReference = 3FBD459D03209B37508BDA0E /* Pods-RxSwift+Binding.release.xcconfig */;
			buildSettings = {
				ASSETCATALOG_COMPILER_APPICON_NAME = AppIcon;
				ASSETCATALOG_COMPILER_GLOBAL_ACCENT_COLOR_NAME = AccentColor;
				CODE_SIGN_STYLE = Automatic;
				DEVELOPMENT_TEAM = VH29LQ6AQ4;
				INFOPLIST_FILE = "RxSwift+Binding/Info.plist";
				LD_RUNPATH_SEARCH_PATHS = (
					"$(inherited)",
					"@executable_path/Frameworks",
				);
				PRODUCT_BUNDLE_IDENTIFIER = "kimduni.RxSwift-Binding";
				PRODUCT_NAME = "$(TARGET_NAME)";
				SWIFT_VERSION = 5.0;
				TARGETED_DEVICE_FAMILY = "1,2";
			};
			name = Release;
		};
/* End XCBuildConfiguration section */

/* Begin XCConfigurationList section */
		DFE7C198256C9B9D00BC91CF /* Build configuration list for PBXProject "RxSwift+Binding" */ = {
			isa = XCConfigurationList;
			buildConfigurations = (
				DFE7C1AF256C9B9E00BC91CF /* Debug */,
				DFE7C1B0256C9B9E00BC91CF /* Release */,
			);
			defaultConfigurationIsVisible = 0;
			defaultConfigurationName = Release;
		};
		DFE7C1B1256C9B9E00BC91CF /* Build configuration list for PBXNativeTarget "RxSwift+Binding" */ = {
			isa = XCConfigurationList;
			buildConfigurations = (
				DFE7C1B2256C9B9E00BC91CF /* Debug */,
				DFE7C1B3256C9B9E00BC91CF /* Release */,
			);
			defaultConfigurationIsVisible = 0;
			defaultConfigurationName = Release;
		};
/* End XCConfigurationList section */
	};
	rootObject = DFE7C195256C9B9D00BC91CF /* Project object */;
}
